
Microsoft Visual Studio Solution File, Format Version 12.00
# Visual Studio Version 16
VisualStudioVersion = 16.0.31005.135
MinimumVisualStudioVersion = 10.0.40219.1
Project("{2150E333-8FDC-42A3-9474-1A3956D46DE8}") = "NewFolder1", "NewFolder1", "{E38C446F-61CE-4248-B3AC-C5F5C684E37D}"
EndProject
Project("{8BC9CEB8-8B4A-11D0-8D11-00A0C91BC942}") = "DirectX12Engine", "DirectX12Engine\DirectX12Engine.vcxproj", "{CF4F9B5C-8CAF-4D11-97A4-B3F110FF9336}"
EndProject
Project("{8BC9CEB8-8B4A-11D0-8D11-00A0C91BC942}") = "Direct3D UWP Game1", "Direct3D UWP Game1\Direct3D UWP Game1.vcxproj", "{3550F23A-0038-4FCE-BB4C-67AA252BD0CA}"
EndProject
Global
	GlobalSection(SolutionConfigurationPlatforms) = preSolution
		Debug|ARM = Debug|ARM
		Debug|ARM64 = Debug|ARM64
		Debug|x64 = Debug|x64
		Debug|x86 = Debug|x86
		Release|ARM = Release|ARM
		Release|ARM64 = Release|ARM64
		Release|x64 = Release|x64
		Release|x86 = Release|x86
	EndGlobalSection
	GlobalSection(ProjectConfigurationPlatforms) = postSolution
		{CF4F9B5C-8CAF-4D11-97A4-B3F110FF9336}.Debug|ARM.ActiveCfg = Debug|Win32
		{CF4F9B5C-8CAF-4D11-97A4-B3F110FF9336}.Debug|ARM64.ActiveCfg = Debug|Win32
		{CF4F9B5C-8CAF-4D11-97A4-B3F110FF9336}.Debug|x64.ActiveCfg = Debug|x64
		{CF4F9B5C-8CAF-4D11-97A4-B3F110FF9336}.Debug|x64.Build.0 = Debug|x64
		{CF4F9B5C-8CAF-4D11-97A4-B3F110FF9336}.Debug|x86.ActiveCfg = Debug|Win32
		{CF4F9B5C-8CAF-4D11-97A4-B3F110FF9336}.Debug|x86.Build.0 = Debug|Win32
		{CF4F9B5C-8CAF-4D11-97A4-B3F110FF9336}.Release|ARM.ActiveCfg = Release|Win32
		{CF4F9B5C-8CAF-4D11-97A4-B3F110FF9336}.Release|ARM64.ActiveCfg = Release|Win32
		{CF4F9B5C-8CAF-4D11-97A4-B3F110FF9336}.Release|x64.ActiveCfg = Release|x64
		{CF4F9B5C-8CAF-4D11-97A4-B3F110FF9336}.Release|x64.Build.0 = Release|x64
		{CF4F9B5C-8CAF-4D11-97A4-B3F110FF9336}.Release|x86.ActiveCfg = Release|Win32
		{CF4F9B5C-8CAF-4D11-97A4-B3F110FF9336}.Release|x86.Build.0 = Release|Win32
		{3550F23A-0038-4FCE-BB4C-67AA252BD0CA}.Debug|ARM.ActiveCfg = Debug|ARM
		{3550F23A-0038-4FCE-BB4C-67AA252BD0CA}.Debug|ARM.Build.0 = Debug|ARM
		{3550F23A-0038-4FCE-BB4C-67AA252BD0CA}.Debug|ARM.Deploy.0 = Debug|ARM
		{3550F23A-0038-4FCE-BB4C-67AA252BD0CA}.Debug|ARM64.ActiveCfg = Debug|ARM64
		{3550F23A-0038-4FCE-BB4C-67AA252BD0CA}.Debug|ARM64.Build.0 = Debug|ARM64
		{3550F23A-0038-4FCE-BB4C-67AA252BD0CA}.Debug|ARM64.Deploy.0 = Debug|ARM64
		{3550F23A-0038-4FCE-BB4C-67AA252BD0CA}.Debug|x64.ActiveCfg = Debug|x64
		{3550F23A-0038-4FCE-BB4C-67AA252BD0CA}.Debug|x64.Build.0 = Debug|x64
		{3550F23A-0038-4FCE-BB4C-67AA252BD0CA}.Debug|x64.Deploy.0 = Debug|x64
		{3550F23A-0038-4FCE-BB4C-67AA252BD0CA}.Debug|x86.ActiveCfg = Debug|Win32
		{3550F23A-0038-4FCE-BB4C-67AA252BD0CA}.Debug|x86.Build.0 = Debug|Win32
		{3550F23A-0038-4FCE-BB4C-67AA252BD0CA}.Debug|x86.Deploy.0 = Debug|Win32
		{3550F23A-0038-4FCE-BB4C-67AA252BD0CA}.Release|ARM.ActiveCfg = Release|ARM
		{3550F23A-0038-4FCE-BB4C-67AA252BD0CA}.Release|ARM.Build.0 = Release|ARM
		{3550F23A-0038-4FCE-BB4C-67AA252BD0CA}.Release|ARM.Deploy.0 = Release|ARM
		{3550F23A-0038-4FCE-BB4C-67AA252BD0CA}.Release|ARM64.ActiveCfg = Release|ARM64
		{3550F23A-0038-4FCE-BB4C-67AA252BD0CA}.Release|ARM64.Build.0 = Release|ARM64
		{3550F23A-0038-4FCE-BB4C-67AA252BD0CA}.Release|ARM64.Deploy.0 = Release|ARM64
		{3550F23A-0038-4FCE-BB4C-67AA252BD0CA}.Release|x64.ActiveCfg = Release|x64
		{3550F23A-0038-4FCE-BB4C-67AA252BD0CA}.Release|x64.Build.0 = Release|x64
		{3550F23A-0038-4FCE-BB4C-67AA252BD0CA}.Release|x64.Deploy.0 = Release|x64
		{3550F23A-0038-4FCE-BB4C-67AA252BD0CA}.Release|x86.ActiveCfg = Release|Win32
		{3550F23A-0038-4FCE-BB4C-67AA252BD0CA}.Release|x86.Build.0 = Release|Win32
		{3550F23A-0038-4FCE-BB4C-67AA252BD0CA}.Release|x86.Deploy.0 = Release|Win32
	EndGlobalSection
	GlobalSection(SolutionProperties) = preSolution
		HideSolutionNode = FALSE
	EndGlobalSection
	GlobalSection(NestedProjects) = preSolution
		{CF4F9B5C-8CAF-4D11-97A4-B3F110FF9336} = {E38C446F-61CE-4248-B3AC-C5F5C684E37D}
		{3550F23A-0038-4FCE-BB4C-67AA252BD0CA} = {E38C446F-61CE-4248-B3AC-C5F5C684E37D}
	EndGlobalSection
	GlobalSection(ExtensibilityGlobals) = postSolution
		SolutionGuid = {EBE21C94-5AB2-445F-9045-288CA76C0256}
	EndGlobalSection
EndGlobal
