<?xml version="1.0" encoding="utf-8"?>
<Project ToolsVersion="17.0" xmlns="http://schemas.microsoft.com/developer/msbuild/2003">
  <ItemGroup>
    <ClCompile Include="C:\Users\hatte\SELFGAMEENGINE\DirectX12Engine\DirectX12Engine\source\DiagCode.cpp">
      <Filter>Source Files</Filter>
    </ClCompile>
    <ClCompile Include="C:\Users\hatte\SELFGAMEENGINE\DirectX12Engine\DirectX12Engine\slang\source\diagnostics\DiagnosticClient.cpp">
      <Filter>Source Files</Filter>
    </ClCompile>
    <ClCompile Include="C:\Users\hatte\SELFGAMEENGINE\DirectX12Engine\DirectX12Engine\slang\source\diagnostics\DiagnosticEngine.cpp">
      <Filter>Source Files</Filter>
    </ClCompile>
    <ClCompile Include="C:\Users\hatte\SELFGAMEENGINE\DirectX12Engine\DirectX12Engine\slang\source\diagnostics\Diagnostics.cpp">
      <Filter>Source Files</Filter>
    </ClCompile>
    <ClCompile Include="C:\Users\hatte\SELFGAMEENGINE\DirectX12Engine\DirectX12Engine\slang\source\diagnostics\TextDiagnosticClient.cpp">
      <Filter>Source Files</Filter>
    </ClCompile>
    <ClCompile Include="C:\Users\hatte\SELFGAMEENGINE\DirectX12Engine\DirectX12Engine\slang\source\numeric\ConstantValue.cpp">
      <Filter>Source Files</Filter>
    </ClCompile>
    <ClCompile Include="C:\Users\hatte\SELFGAMEENGINE\DirectX12Engine\DirectX12Engine\slang\source\numeric\SVInt.cpp">
      <Filter>Source Files</Filter>
    </ClCompile>
    <ClCompile Include="C:\Users\hatte\SELFGAMEENGINE\DirectX12Engine\DirectX12Engine\slang\source\numeric\Time.cpp">
      <Filter>Source Files</Filter>
    </ClCompile>
    <ClCompile Include="C:\Users\hatte\SELFGAMEENGINE\DirectX12Engine\DirectX12Engine\slang\source\text\Json.cpp">
      <Filter>Source Files</Filter>
    </ClCompile>
    <ClCompile Include="C:\Users\hatte\SELFGAMEENGINE\DirectX12Engine\DirectX12Engine\slang\source\text\SFormat.cpp">
      <Filter>Source Files</Filter>
    </ClCompile>
    <ClCompile Include="C:\Users\hatte\SELFGAMEENGINE\DirectX12Engine\DirectX12Engine\slang\source\text\SourceManager.cpp">
      <Filter>Source Files</Filter>
    </ClCompile>
    <ClCompile Include="C:\Users\hatte\SELFGAMEENGINE\DirectX12Engine\DirectX12Engine\source\Version.cpp">
      <Filter>Source Files</Filter>
    </ClCompile>
    <ClCompile Include="C:\Users\hatte\SELFGAMEENGINE\DirectX12Engine\DirectX12Engine\slang\source\util\Assert.cpp">
      <Filter>Source Files</Filter>
    </ClCompile>
    <ClCompile Include="C:\Users\hatte\SELFGAMEENGINE\DirectX12Engine\DirectX12Engine\slang\source\util\BumpAllocator.cpp">
      <Filter>Source Files</Filter>
    </ClCompile>
    <ClCompile Include="C:\Users\hatte\SELFGAMEENGINE\DirectX12Engine\DirectX12Engine\slang\source\util\CommandLine.cpp">
      <Filter>Source Files</Filter>
    </ClCompile>
    <ClCompile Include="C:\Users\hatte\SELFGAMEENGINE\DirectX12Engine\DirectX12Engine\slang\source\util\OS.cpp">
      <Filter>Source Files</Filter>
    </ClCompile>
    <ClCompile Include="C:\Users\hatte\SELFGAMEENGINE\DirectX12Engine\DirectX12Engine\slang\source\util\String.cpp">
      <Filter>Source Files</Filter>
    </ClCompile>
    <ClCompile Include="C:\Users\hatte\SELFGAMEENGINE\DirectX12Engine\DirectX12Engine\slang\external\xxHash\xxhash.c">
      <Filter>Source Files</Filter>
    </ClCompile>
  </ItemGroup>
  <ItemGroup>
    <CustomBuild Include="C:\Users\hatte\SELFGAMEENGINE\DirectX12Engine\DirectX12Engine\CMakeFiles\8b43f50b0005d28fee348f7e3502bb80\AllDiags.h.rule">
      <Filter>CMake Rules</Filter>
    </CustomBuild>
    <CustomBuild Include="C:\Users\hatte\SELFGAMEENGINE\DirectX12Engine\DirectX12Engine\slang\source\CMakeLists.txt" />
  </ItemGroup>
  <ItemGroup>
    <Filter Include="CMake Rules">
      <UniqueIdentifier>{7FFA2B7D-33C6-33B9-B030-B660D3E73458}</UniqueIdentifier>
    </Filter>
    <Filter Include="Source Files">
      <UniqueIdentifier>{D5854931-6F60-378A-8342-E351CCF7A632}</UniqueIdentifier>
    </Filter>
  </ItemGroup>
</Project>
