<?xml version="1.0" encoding="utf-8"?>
<Project ToolsVersion="4.0" xmlns="http://schemas.microsoft.com/developer/msbuild/2003">
  <ItemGroup>
    <Filter Include="Common">
      <UniqueIdentifier>21de922e-a635-4d99-8ed4-ece52f6a4ae5</UniqueIdentifier>
    </Filter>
    <Filter Include="Assets">
      <UniqueIdentifier>dc921414-83aa-496d-932f-69c4d614b111</UniqueIdentifier>
      <Extensions>ico;cur;bmp;dds;dlg;fbx;rct;bin;rgs;gif;jpg;jpeg;jpe;resx;tga;tiff;tif;png;wav;mfcribbon-ms</Extensions>
    </Filter>
  </ItemGroup>
  <ItemGroup>
    <ClInclude Include="pch.h" />
    <ClInclude Include="Game.h" />
    <ClInclude Include="StepTimer.h">
      <Filter>Common</Filter>
    </ClInclude>
    <ClInclude Include="DeviceResources.h">
      <Filter>Common</Filter>
    </ClInclude>
    <ClInclude Include="d3dx12.h">
      <Filter>Common</Filter>
    </ClInclude>
    <ClInclude Include="Animation.h" />
    <ClInclude Include="Camera.h" />
    <ClInclude Include="Character.h" />
    <ClInclude Include="DescriptorPool.h" />
    <ClInclude Include="imconfig.h" />
    <ClInclude Include="imgui.h" />
    <ClInclude Include="imgui_impl_dx12.h" />
    <ClInclude Include="imgui_impl_win32.h" />
    <ClInclude Include="imgui_internal.h" />
    <ClInclude Include="ImguiCore.h" />
    <ClInclude Include="imstb_rectpack.h" />
    <ClInclude Include="imstb_textedit.h" />
    <ClInclude Include="imstb_truetype.h" />
    <ClInclude Include="Transform.h" />
    <ClInclude Include="Utility.h" />
    <ClInclude Include="Rigidshape.h" />
    <ClInclude Include="PlanePolygon.h" />
    <ClInclude Include="Terrain.h" />
  </ItemGroup>
  <ItemGroup>
    <ClCompile Include="pch.cpp" />
    <ClCompile Include="Game.cpp" />
    <ClCompile Include="Main.cpp" />
    <ClCompile Include="DeviceResources.cpp">
      <Filter>Common</Filter>
    </ClCompile>
    <ClCompile Include="Animation.cpp" />
    <ClCompile Include="Camera.cpp" />
    <ClCompile Include="character.cpp" />
    <ClCompile Include="DescriptorPool.cpp" />
    <ClCompile Include="imgui.cpp" />
    <ClCompile Include="imgui_demo.cpp" />
    <ClCompile Include="imgui_draw.cpp" />
    <ClCompile Include="imgui_impl_dx12.cpp" />
    <ClCompile Include="imgui_impl_win32.cpp" />
    <ClCompile Include="imgui_tables.cpp" />
    <ClCompile Include="imgui_widgets.cpp" />
    <ClCompile Include="ImguiCore.cpp" />
    <ClCompile Include="Utility.cpp" />
    <ClCompile Include="Rigidshape.cpp" />
    <ClCompile Include="PlanePolygon.cpp" />
    <ClCompile Include="Terrain.cpp" />
  </ItemGroup>
  <ItemGroup>
    <ResourceCompile Include="resource.rc" />
  </ItemGroup>
  <ItemGroup>
    <Image Include="directx.ico">
      <Filter>Assets</Filter>
    </Image>
    <Image Include="head_diff.dds">
      <Filter>Assets</Filter>
    </Image>
    <Image Include="head_norm.dds">
      <Filter>Assets</Filter>
    </Image>
    <Image Include="jacket_diff.dds">
      <Filter>Assets</Filter>
    </Image>
    <Image Include="jacket_norm.dds">
      <Filter>Assets</Filter>
    </Image>
    <Image Include="pants_diff.dds">
      <Filter>Assets</Filter>
    </Image>
    <Image Include="pants_norm.dds">
      <Filter>Assets</Filter>
    </Image>
    <Image Include="upBody_diff.dds">
      <Filter>Assets</Filter>
    </Image>
    <Image Include="upbody_norm.dds">
      <Filter>Assets</Filter>
    </Image>
  </ItemGroup>
  <ItemGroup>
    <Manifest Include="settings.manifest">
      <Filter>Assets</Filter>
    </Manifest>
  </ItemGroup>
  <ItemGroup>
    <None Include="packages.config" />
    <None Include="imgui.ini" />
    <None Include="soldier.sdkmesh" />
    <None Include="soldier.sdkmesh_anim" />
    <None Include="planepoly.sdkmesh" />
  </ItemGroup>
</Project>