<?xml version="1.0" encoding="utf-8"?>
<Project ToolsVersion="17.0" xmlns="http://schemas.microsoft.com/developer/msbuild/2003">
  <ItemGroup>
    <CustomBuild Include="C:\Users\hatte\SELFGAMEENGINE\DirectX12Engine\DirectX12Engine\CMakeFiles\523ea38cf5e09c35873b68b6dd11dab4\INSTALL_force.rule">
      <Filter>CMake Rules</Filter>
    </CustomBuild>
  </ItemGroup>
  <ItemGroup>
    <Filter Include="CMake Rules">
      <UniqueIdentifier>{7FFA2B7D-33C6-33B9-B030-B660D3E73458}</UniqueIdentifier>
    </Filter>
  </ItemGroup>
</Project>
